
Microsoft Visual Studio Solution File, Format Version 12.00
# Visual Studio Version 17
VisualStudioVersion = 17.6.33712.159
MinimumVisualStudioVersion = 10.0.40219.1
Project("{FAE04EC0-301F-11D3-BF4B-00C04F79EFBC}") = "CompanyCoreLib", "CompanyCoreLib\CompanyCoreLib.csproj", "{DB4BB187-3C26-4019-95BD-CFEFF4DC4AAC}"
EndProject
Global
	GlobalSection(SolutionConfigurationPlatforms) = preSolution
		Debug|Any CPU = Debug|Any CPU
		Release|Any CPU = Release|Any CPU
	EndGlobalSection
	GlobalSection(ProjectConfigurationPlatforms) = postSolution
		{DB4BB187-3C26-4019-95BD-CFEFF4DC4AAC}.Debug|Any CPU.ActiveCfg = Debug|Any CPU
		{DB4BB187-3C26-4019-95BD-CFEFF4DC4AAC}.Debug|Any CPU.Build.0 = Debug|Any CPU
		{DB4BB187-3C26-4019-95BD-CFEFF4DC4AAC}.Release|Any CPU.ActiveCfg = Release|Any CPU
		{DB4BB187-3C26-4019-95BD-CFEFF4DC4AAC}.Release|Any CPU.Build.0 = Release|Any CPU
	EndGlobalSection
	GlobalSection(SolutionProperties) = preSolution
		HideSolutionNode = FALSE
	EndGlobalSection
	GlobalSection(ExtensibilityGlobals) = postSolution
		SolutionGuid = {73F40627-78CC-4EDA-9D44-C721F2E8803A}
	EndGlobalSection
EndGlobal
